// !$*UTF8*$!
{
	archiveVersion = 1;
	classes = {
	};
	objectVersion = 46;
	objects = {

/* Begin PBXBuildFile section */
		9CA70E8418DE76F20098E4B3 /* Foundation.framework in Frameworks */ = {isa = PBXBuildFile; fileRef = 9CA70E8318DE76F20098E4B3 /* Foundation.framework */; };
		9CA70E8618DE76F20098E4B3 /* CoreGraphics.framework in Frameworks */ = {isa = PBXBuildFile; fileRef = 9CA70E8518DE76F20098E4B3 /* CoreGraphics.framework */; };
		9CA70E8818DE76F20098E4B3 /* UIKit.framework in Frameworks */ = {isa = PBXBuildFile; fileRef = 9CA70E8718DE76F20098E4B3 /* UIKit.framework */; };
		9CA70E8E18DE76F20098E4B3 /* InfoPlist.strings in Resources */ = {isa = PBXBuildFile; fileRef = 9CA70E8C18DE76F20098E4B3 /* InfoPlist.strings */; };
		9CA70E9018DE76F20098E4B3 /* main.m in Sources */ = {isa = PBXBuildFile; fileRef = 9CA70E8F18DE76F20098E4B3 /* main.m */; };
		9CA70E9418DE76F20098E4B3 /* AppDelegate.m in Sources */ = {isa = PBXBuildFile; fileRef = 9CA70E9318DE76F20098E4B3 /* AppDelegate.m */; };
		9CA70E9718DE76F20098E4B3 /* Main.storyboard in Resources */ = {isa = PBXBuildFile; fileRef = 9CA70E9518DE76F20098E4B3 /* Main.storyboard */; };
		9CA70E9A18DE76F20098E4B3 /* ViewController.m in Sources */ = {isa = PBXBuildFile; fileRef = 9CA70E9918DE76F20098E4B3 /* ViewController.m */; };
		9CA70E9C18DE76F20098E4B3 /* Images.xcassets in Resources */ = {isa = PBXBuildFile; fileRef = 9CA70E9B18DE76F20098E4B3 /* Images.xcassets */; };
		9CA70EA318DE76F20098E4B3 /* XCTest.framework in Frameworks */ = {isa = PBXBuildFile; fileRef = 9CA70EA218DE76F20098E4B3 /* XCTest.framework */; };
		9CA70EA418DE76F20098E4B3 /* Foundation.framework in Frameworks */ = {isa = PBXBuildFile; fileRef = 9CA70E8318DE76F20098E4B3 /* Foundation.framework */; };
		9CA70EA518DE76F20098E4B3 /* UIKit.framework in Frameworks */ = {isa = PBXBuildFile; fileRef = 9CA70E8718DE76F20098E4B3 /* UIKit.framework */; };
		9CA70EAD18DE76F20098E4B3 /* InfoPlist.strings in Resources */ = {isa = PBXBuildFile; fileRef = 9CA70EAB18DE76F20098E4B3 /* InfoPlist.strings */; };
		9CA70EAF18DE76F20098E4B3 /* peerToPeerTests.m in Sources */ = {isa = PBXBuildFile; fileRef = 9CA70EAE18DE76F20098E4B3 /* peerToPeerTests.m */; };
/* End PBXBuildFile section */

/* Begin PBXContainerItemProxy section */
		9CA70EA618DE76F20098E4B3 /* PBXContainerItemProxy */ = {
			isa = PBXContainerItemProxy;
			containerPortal = 9CA70E7818DE76F20098E4B3 /* Project object */;
			proxyType = 1;
			remoteGlobalIDString = 9CA70E7F18DE76F20098E4B3;
			remoteInfo = peerToPeer;
		};
/* End PBXContainerItemProxy section */

/* Begin PBXFileReference section */
		9CA70E8018DE76F20098E4B3 /* peerToPeer.app */ = {isa = PBXFileReference; explicitFileType = wrapper.application; includeInIndex = 0; path = peerToPeer.app; sourceTree = BUILT_PRODUCTS_DIR; };
		9CA70E8318DE76F20098E4B3 /* Foundation.framework */ = {isa = PBXFileReference; lastKnownFileType = wrapper.framework; name = Foundation.framework; path = System/Library/Frameworks/Foundation.framework; sourceTree = SDKROOT; };
		9CA70E8518DE76F20098E4B3 /* CoreGraphics.framework */ = {isa = PBXFileReference; lastKnownFileType = wrapper.framework; name = CoreGraphics.framework; path = System/Library/Frameworks/CoreGraphics.framework; sourceTree = SDKROOT; };
		9CA70E8718DE76F20098E4B3 /* UIKit.framework */ = {isa = PBXFileReference; lastKnownFileType = wrapper.framework; name = UIKit.framework; path = System/Library/Frameworks/UIKit.framework; sourceTree = SDKROOT; };
		9CA70E8B18DE76F20098E4B3 /* peerToPeer-Info.plist */ = {isa = PBXFileReference; lastKnownFileType = text.plist.xml; path = "peerToPeer-Info.plist"; sourceTree = "<group>"; };
		9CA70E8D18DE76F20098E4B3 /* en */ = {isa = PBXFileReference; lastKnownFileType = text.plist.strings; name = en; path = en.lproj/InfoPlist.strings; sourceTree = "<group>"; };
		9CA70E8F18DE76F20098E4B3 /* main.m */ = {isa = PBXFileReference; lastKnownFileType = sourcecode.c.objc; path = main.m; sourceTree = "<group>"; };
		9CA70E9118DE76F20098E4B3 /* peerToPeer-Prefix.pch */ = {isa = PBXFileReference; lastKnownFileType = sourcecode.c.h; path = "peerToPeer-Prefix.pch"; sourceTree = "<group>"; };
		9CA70E9218DE76F20098E4B3 /* AppDelegate.h */ = {isa = PBXFileReference; lastKnownFileType = sourcecode.c.h; path = AppDelegate.h; sourceTree = "<group>"; };
		9CA70E9318DE76F20098E4B3 /* AppDelegate.m */ = {isa = PBXFileReference; lastKnownFileType = sourcecode.c.objc; path = AppDelegate.m; sourceTree = "<group>"; };
		9CA70E9618DE76F20098E4B3 /* Base */ = {isa = PBXFileReference; lastKnownFileType = file.storyboard; name = Base; path = Base.lproj/Main.storyboard; sourceTree = "<group>"; };
		9CA70E9818DE76F20098E4B3 /* ViewController.h */ = {isa = PBXFileReference; lastKnownFileType = sourcecode.c.h; path = ViewController.h; sourceTree = "<group>"; };
		9CA70E9918DE76F20098E4B3 /* ViewController.m */ = {isa = PBXFileReference; lastKnownFileType = sourcecode.c.objc; path = ViewController.m; sourceTree = "<group>"; };
		9CA70E9B18DE76F20098E4B3 /* Images.xcassets */ = {isa = PBXFileReference; lastKnownFileType = folder.assetcatalog; path = Images.xcassets; sourceTree = "<group>"; };
		9CA70EA118DE76F20098E4B3 /* peerToPeerTests.xctest */ = {isa = PBXFileReference; explicitFileType = wrapper.cfbundle; includeInIndex = 0; path = peerToPeerTests.xctest; sourceTree = BUILT_PRODUCTS_DIR; };
		9CA70EA218DE76F20098E4B3 /* XCTest.framework */ = {isa = PBXFileReference; lastKnownFileType = wrapper.framework; name = XCTest.framework; path = Library/Frameworks/XCTest.framework; sourceTree = DEVELOPER_DIR; };
		9CA70EAA18DE76F20098E4B3 /* peerToPeerTests-Info.plist */ = {isa = PBXFileReference; lastKnownFileType = text.plist.xml; path = "peerToPeerTests-Info.plist"; sourceTree = "<group>"; };
		9CA70EAC18DE76F20098E4B3 /* en */ = {isa = PBXFileReference; lastKnownFileType = text.plist.strings; name = en; path = en.lproj/InfoPlist.strings; sourceTree = "<group>"; };
		9CA70EAE18DE76F20098E4B3 /* peerToPeerTests.m */ = {isa = PBXFileReference; lastKnownFileType = sourcecode.c.objc; path = peerToPeerTests.m; sourceTree = "<group>"; };
/* End PBXFileReference section */

/* Begin PBXFrameworksBuildPhase section */
		9CA70E7D18DE76F20098E4B3 /* Frameworks */ = {
			isa = PBXFrameworksBuildPhase;
			buildActionMask = 2147483647;
			files = (
				9CA70E8618DE76F20098E4B3 /* CoreGraphics.framework in Frameworks */,
				9CA70E8818DE76F20098E4B3 /* UIKit.framework in Frameworks */,
				9CA70E8418DE76F20098E4B3 /* Foundation.framework in Frameworks */,
			);
			runOnlyForDeploymentPostprocessing = 0;
		};
		9CA70E9E18DE76F20098E4B3 /* Frameworks */ = {
			isa = PBXFrameworksBuildPhase;
			buildActionMask = 2147483647;
			files = (
				9CA70EA318DE76F20098E4B3 /* XCTest.framework in Frameworks */,
				9CA70EA518DE76F20098E4B3 /* UIKit.framework in Frameworks */,
				9CA70EA418DE76F20098E4B3 /* Foundation.framework in Frameworks */,
			);
			runOnlyForDeploymentPostprocessing = 0;
		};
/* End PBXFrameworksBuildPhase section */

/* Begin PBXGroup section */
		9CA70E7718DE76F20098E4B3 = {
			isa = PBXGroup;
			children = (
				9CA70E8918DE76F20098E4B3 /* peerToPeer */,
				9CA70EA818DE76F20098E4B3 /* peerToPeerTests */,
				9CA70E8218DE76F20098E4B3 /* Frameworks */,
				9CA70E8118DE76F20098E4B3 /* Products */,
			);
			sourceTree = "<group>";
		};
		9CA70E8118DE76F20098E4B3 /* Products */ = {
			isa = PBXGroup;
			children = (
				9CA70E8018DE76F20098E4B3 /* peerToPeer.app */,
				9CA70EA118DE76F20098E4B3 /* peerToPeerTests.xctest */,
			);
			name = Products;
			sourceTree = "<group>";
		};
		9CA70E8218DE76F20098E4B3 /* Frameworks */ = {
			isa = PBXGroup;
			children = (
				9CA70E8318DE76F20098E4B3 /* Foundation.framework */,
				9CA70E8518DE76F20098E4B3 /* CoreGraphics.framework */,
				9CA70E8718DE76F20098E4B3 /* UIKit.framework */,
				9CA70EA218DE76F20098E4B3 /* XCTest.framework */,
			);
			name = Frameworks;
			sourceTree = "<group>";
		};
		9CA70E8918DE76F20098E4B3 /* peerToPeer */ = {
			isa = PBXGroup;
			children = (
				9CA70E9218DE76F20098E4B3 /* AppDelegate.h */,
				9CA70E9318DE76F20098E4B3 /* AppDelegate.m */,
				9CA70E9518DE76F20098E4B3 /* Main.storyboard */,
				9CA70E9818DE76F20098E4B3 /* ViewController.h */,
				9CA70E9918DE76F20098E4B3 /* ViewController.m */,
				9CA70E9B18DE76F20098E4B3 /* Images.xcassets */,
				9CA70E8A18DE76F20098E4B3 /* Supporting Files */,
			);
			path = peerToPeer;
			sourceTree = "<group>";
		};
		9CA70E8A18DE76F20098E4B3 /* Supporting Files */ = {
			isa = PBXGroup;
			children = (
				9CA70E8B18DE76F20098E4B3 /* peerToPeer-Info.plist */,
				9CA70E8C18DE76F20098E4B3 /* InfoPlist.strings */,
				9CA70E8F18DE76F20098E4B3 /* main.m */,
				9CA70E9118DE76F20098E4B3 /* peerToPeer-Prefix.pch */,
			);
			name = "Supporting Files";
			sourceTree = "<group>";
		};
		9CA70EA818DE76F20098E4B3 /* peerToPeerTests */ = {
			isa = PBXGroup;
			children = (
				9CA70EAE18DE76F20098E4B3 /* peerToPeerTests.m */,
				9CA70EA918DE76F20098E4B3 /* Supporting Files */,
			);
			path = peerToPeerTests;
			sourceTree = "<group>";
		};
		9CA70EA918DE76F20098E4B3 /* Supporting Files */ = {
			isa = PBXGroup;
			children = (
				9CA70EAA18DE76F20098E4B3 /* peerToPeerTests-Info.plist */,
				9CA70EAB18DE76F20098E4B3 /* InfoPlist.strings */,
			);
			name = "Supporting Files";
			sourceTree = "<group>";
		};
/* End PBXGroup section */

/* Begin PBXNativeTarget section */
		9CA70E7F18DE76F20098E4B3 /* peerToPeer */ = {
			isa = PBXNativeTarget;
			buildConfigurationList = 9CA70EB218DE76F30098E4B3 /* Build configuration list for PBXNativeTarget "peerToPeer" */;
			buildPhases = (
				9CA70E7C18DE76F20098E4B3 /* Sources */,
				9CA70E7D18DE76F20098E4B3 /* Frameworks */,
				9CA70E7E18DE76F20098E4B3 /* Resources */,
			);
			buildRules = (
			);
			dependencies = (
			);
			name = peerToPeer;
			productName = peerToPeer;
			productReference = 9CA70E8018DE76F20098E4B3 /* peerToPeer.app */;
			productType = "com.apple.product-type.application";
		};
		9CA70EA018DE76F20098E4B3 /* peerToPeerTests */ = {
			isa = PBXNativeTarget;
			buildConfigurationList = 9CA70EB518DE76F30098E4B3 /* Build configuration list for PBXNativeTarget "peerToPeerTests" */;
			buildPhases = (
				9CA70E9D18DE76F20098E4B3 /* Sources */,
				9CA70E9E18DE76F20098E4B3 /* Frameworks */,
				9CA70E9F18DE76F20098E4B3 /* Resources */,
			);
			buildRules = (
			);
			dependencies = (
				9CA70EA718DE76F20098E4B3 /* PBXTargetDependency */,
			);
			name = peerToPeerTests;
			productName = peerToPeerTests;
			productReference = 9CA70EA118DE76F20098E4B3 /* peerToPeerTests.xctest */;
			productType = "com.apple.product-type.bundle.unit-test";
		};
/* End PBXNativeTarget section */

/* Begin PBXProject section */
		9CA70E7818DE76F20098E4B3 /* Project object */ = {
			isa = PBXProject;
			attributes = {
				LastUpgradeCheck = 0510;
				ORGANIZATIONNAME = "Marcelo Sampaio";
				TargetAttributes = {
					9CA70EA018DE76F20098E4B3 = {
						TestTargetID = 9CA70E7F18DE76F20098E4B3;
					};
				};
			};
			buildConfigurationList = 9CA70E7B18DE76F20098E4B3 /* Build configuration list for PBXProject "peerToPeer" */;
			compatibilityVersion = "Xcode 3.2";
			developmentRegion = English;
			hasScannedForEncodings = 0;
			knownRegions = (
				en,
				Base,
			);
			mainGroup = 9CA70E7718DE76F20098E4B3;
			productRefGroup = 9CA70E8118DE76F20098E4B3 /* Products */;
			projectDirPath = "";
			projectRoot = "";
			targets = (
				9CA70E7F18DE76F20098E4B3 /* peerToPeer */,
				9CA70EA018DE76F20098E4B3 /* peerToPeerTests */,
			);
		};
/* End PBXProject section */

/* Begin PBXResourcesBuildPhase section */
		9CA70E7E18DE76F20098E4B3 /* Resources */ = {
			isa = PBXResourcesBuildPhase;
			buildActionMask = 2147483647;
			files = (
				9CA70E9C18DE76F20098E4B3 /* Images.xcassets in Resources */,
				9CA70E8E18DE76F20098E4B3 /* InfoPlist.strings in Resources */,
				9CA70E9718DE76F20098E4B3 /* Main.storyboard in Resources */,
			);
			runOnlyForDeploymentPostprocessing = 0;
		};
		9CA70E9F18DE76F20098E4B3 /* Resources */ = {
			isa = PBXResourcesBuildPhase;
			buildActionMask = 2147483647;
			files = (
				9CA70EAD18DE76F20098E4B3 /* InfoPlist.strings in Resources */,
			);
			runOnlyForDeploymentPostprocessing = 0;
		};
/* End PBXResourcesBuildPhase section */

/* Begin PBXSourcesBuildPhase section */
		9CA70E7C18DE76F20098E4B3 /* Sources */ = {
			isa = PBXSourcesBuildPhase;
			buildActionMask = 2147483647;
			files = (
				9CA70E9A18DE76F20098E4B3 /* ViewController.m in Sources */,
				9CA70E9418DE76F20098E4B3 /* AppDelegate.m in Sources */,
				9CA70E9018DE76F20098E4B3 /* main.m in Sources */,
			);
			runOnlyForDeploymentPostprocessing = 0;
		};
		9CA70E9D18DE76F20098E4B3 /* Sources */ = {
			isa = PBXSourcesBuildPhase;
			buildActionMask = 2147483647;
			files = (
				9CA70EAF18DE76F20098E4B3 /* peerToPeerTests.m in Sources */,
			);
			runOnlyForDeploymentPostprocessing = 0;
		};
/* End PBXSourcesBuildPhase section */

/* Begin PBXTargetDependency section */
		9CA70EA718DE76F20098E4B3 /* PBXTargetDependency */ = {
			isa = PBXTargetDependency;
			target = 9CA70E7F18DE76F20098E4B3 /* peerToPeer */;
			targetProxy = 9CA70EA618DE76F20098E4B3 /* PBXContainerItemProxy */;
		};
/* End PBXTargetDependency section */

/* Begin PBXVariantGroup section */
		9CA70E8C18DE76F20098E4B3 /* InfoPlist.strings */ = {
			isa = PBXVariantGroup;
			children = (
				9CA70E8D18DE76F20098E4B3 /* en */,
			);
			name = InfoPlist.strings;
			sourceTree = "<group>";
		};
		9CA70E9518DE76F20098E4B3 /* Main.storyboard */ = {
			isa = PBXVariantGroup;
			children = (
				9CA70E9618DE76F20098E4B3 /* Base */,
			);
			name = Main.storyboard;
			sourceTree = "<group>";
		};
		9CA70EAB18DE76F20098E4B3 /* InfoPlist.strings */ = {
			isa = PBXVariantGroup;
			children = (
				9CA70EAC18DE76F20098E4B3 /* en */,
			);
			name = InfoPlist.strings;
			sourceTree = "<group>";
		};
/* End PBXVariantGroup section */

/* Begin XCBuildConfiguration section */
		9CA70EB018DE76F30098E4B3 /* Debug */ = {
			isa = XCBuildConfiguration;
			buildSettings = {
				ALWAYS_SEARCH_USER_PATHS = NO;
				CLANG_CXX_LANGUAGE_STANDARD = "gnu++0x";
				CLANG_CXX_LIBRARY = "libc++";
				CLANG_ENABLE_MODULES = YES;
				CLANG_ENABLE_OBJC_ARC = YES;
				CLANG_WARN_BOOL_CONVERSION = YES;
				CLANG_WARN_CONSTANT_CONVERSION = YES;
				CLANG_WARN_DIRECT_OBJC_ISA_USAGE = YES_ERROR;
				CLANG_WARN_EMPTY_BODY = YES;
				CLANG_WARN_ENUM_CONVERSION = YES;
				CLANG_WARN_INT_CONVERSION = YES;
				CLANG_WARN_OBJC_ROOT_CLASS = YES_ERROR;
				CLANG_WARN__DUPLICATE_METHOD_MATCH = YES;
				"CODE_SIGN_IDENTITY[sdk=iphoneos*]" = "iPhone Developer";
				COPY_PHASE_STRIP = NO;
				GCC_C_LANGUAGE_STANDARD = gnu99;
				GCC_DYNAMIC_NO_PIC = NO;
				GCC_OPTIMIZATION_LEVEL = 0;
				GCC_PREPROCESSOR_DEFINITIONS = (
					"DEBUG=1",
					"$(inherited)",
				);
				GCC_SYMBOLS_PRIVATE_EXTERN = NO;
				GCC_WARN_64_TO_32_BIT_CONVERSION = YES;
				GCC_WARN_ABOUT_RETURN_TYPE = YES_ERROR;
				GCC_WARN_UNDECLARED_SELECTOR = YES;
				GCC_WARN_UNINITIALIZED_AUTOS = YES_AGGRESSIVE;
				GCC_WARN_UNUSED_FUNCTION = YES;
				GCC_WARN_UNUSED_VARIABLE = YES;
				IPHONEOS_DEPLOYMENT_TARGET = 7.1;
				ONLY_ACTIVE_ARCH = YES;
				SDKROOT = iphoneos;
			};
			name = Debug;
		};
		9CA70EB118DE76F30098E4B3 /* Release */ = {
			isa = XCBuildConfiguration;
			buildSettings = {
				ALWAYS_SEARCH_USER_PATHS = NO;
				CLANG_CXX_LANGUAGE_STANDARD = "gnu++0x";
				CLANG_CXX_LIBRARY = "libc++";
				CLANG_ENABLE_MODULES = YES;
				CLANG_ENABLE_OBJC_ARC = YES;
				CLANG_WARN_BOOL_CONVERSION = YES;
				CLANG_WARN_CONSTANT_CONVERSION = YES;
				CLANG_WARN_DIRECT_OBJC_ISA_USAGE = YES_ERROR;
				CLANG_WARN_EMPTY_BODY = YES;
				CLANG_WARN_ENUM_CONVERSION = YES;
				CLANG_WARN_INT_CONVERSION = YES;
				CLANG_WARN_OBJC_ROOT_CLASS = YES_ERROR;
				CLANG_WARN__DUPLICATE_METHOD_MATCH = YES;
				"CODE_SIGN_IDENTITY[sdk=iphoneos*]" = "iPhone Developer";
				COPY_PHASE_STRIP = YES;
				ENABLE_NS_ASSERTIONS = NO;
				GCC_C_LANGUAGE_STANDARD = gnu99;
				GCC_WARN_64_TO_32_BIT_CONVERSION = YES;
				GCC_WARN_ABOUT_RETURN_TYPE = YES_ERROR;
				GCC_WARN_UNDECLARED_SELECTOR = YES;
				GCC_WARN_UNINITIALIZED_AUTOS = YES_AGGRESSIVE;
				GCC_WARN_UNUSED_FUNCTION = YES;
				GCC_WARN_UNUSED_VARIABLE = YES;
				IPHONEOS_DEPLOYMENT_TARGET = 7.1;
				SDKROOT = iphoneos;
				VALIDATE_PRODUCT = YES;
			};
			name = Release;
		};
		9CA70EB318DE76F30098E4B3 /* Debug */ = {
			isa = XCBuildConfiguration;
			buildSettings = {
				ASSETCATALOG_COMPILER_APPICON_NAME = AppIcon;
				ASSETCATALOG_COMPILER_LAUNCHIMAGE_NAME = LaunchImage;
				GCC_PRECOMPILE_PREFIX_HEADER = YES;
				GCC_PREFIX_HEADER = "peerToPeer/peerToPeer-Prefix.pch";
				INFOPLIST_FILE = "peerToPeer/peerToPeer-Info.plist";
				PRODUCT_NAME = "$(TARGET_NAME)";
				WRAPPER_EXTENSION = app;
			};
			name = Debug;
		};
		9CA70EB418DE76F30098E4B3 /* Release */ = {
			isa = XCBuildConfiguration;
			buildSettings = {
				ASSETCATALOG_COMPILER_APPICON_NAME = AppIcon;
				ASSETCATALOG_COMPILER_LAUNCHIMAGE_NAME = LaunchImage;
				GCC_PRECOMPILE_PREFIX_HEADER = YES;
				GCC_PREFIX_HEADER = "peerToPeer/peerToPeer-Prefix.pch";
				INFOPLIST_FILE = "peerToPeer/peerToPeer-Info.plist";
				PRODUCT_NAME = "$(TARGET_NAME)";
				WRAPPER_EXTENSION = app;
			};
			name = Release;
		};
		9CA70EB618DE76F30098E4B3 /* Debug */ = {
			isa = XCBuildConfiguration;
			buildSettings = {
				BUNDLE_LOADER = "$(BUILT_PRODUCTS_DIR)/peerToPeer.app/peerToPeer";
				FRAMEWORK_SEARCH_PATHS = (
					"$(SDKROOT)/Developer/Library/Frameworks",
					"$(inherited)",
					"$(DEVELOPER_FRAMEWORKS_DIR)",
				);
				GCC_PRECOMPILE_PREFIX_HEADER = YES;
				GCC_PREFIX_HEADER = "peerToPeer/peerToPeer-Prefix.pch";
				GCC_PREPROCESSOR_DEFINITIONS = (
					"DEBUG=1",
					"$(inherited)",
				);
				INFOPLIST_FILE = "peerToPeerTests/peerToPeerTests-Info.plist";
				PRODUCT_NAME = "$(TARGET_NAME)";
				TEST_HOST = "$(BUNDLE_LOADER)";
				WRAPPER_EXTENSION = xctest;
			};
			name = Debug;
		};
		9CA70EB718DE76F30098E4B3 /* Release */ = {
			isa = XCBuildConfiguration;
			buildSettings = {
				BUNDLE_LOADER = "$(BUILT_PRODUCTS_DIR)/peerToPeer.app/peerToPeer";
				FRAMEWORK_SEARCH_PATHS = (
					"$(SDKROOT)/Developer/Library/Frameworks",
					"$(inherited)",
					"$(DEVELOPER_FRAMEWORKS_DIR)",
				);
				GCC_PRECOMPILE_PREFIX_HEADER = YES;
				GCC_PREFIX_HEADER = "peerToPeer/peerToPeer-Prefix.pch";
				INFOPLIST_FILE = "peerToPeerTests/peerToPeerTests-Info.plist";
				PRODUCT_NAME = "$(TARGET_NAME)";
				TEST_HOST = "$(BUNDLE_LOADER)";
				WRAPPER_EXTENSION = xctest;
			};
			name = Release;
		};
/* End XCBuildConfiguration section */

/* Begin XCConfigurationList section */
		9CA70E7B18DE76F20098E4B3 /* Build configuration list for PBXProject "peerToPeer" */ = {
			isa = XCConfigurationList;
			buildConfigurations = (
				9CA70EB018DE76F30098E4B3 /* Debug */,
				9CA70EB118DE76F30098E4B3 /* Release */,
			);
			defaultConfigurationIsVisible = 0;
			defaultConfigurationName = Release;
		};
		9CA70EB218DE76F30098E4B3 /* Build configuration list for PBXNativeTarget "peerToPeer" */ = {
			isa = XCConfigurationList;
			buildConfigurations = (
				9CA70EB318DE76F30098E4B3 /* Debug */,
				9CA70EB418DE76F30098E4B3 /* Release */,
			);
			defaultConfigurationIsVisible = 0;
		};
		9CA70EB518DE76F30098E4B3 /* Build configuration list for PBXNativeTarget "peerToPeerTests" */ = {
			isa = XCConfigurationList;
			buildConfigurations = (
				9CA70EB618DE76F30098E4B3 /* Debug */,
				9CA70EB718DE76F30098E4B3 /* Release */,
			);
			defaultConfigurationIsVisible = 0;
		};
/* End XCConfigurationList section */
	};
	rootObject = 9CA70E7818DE76F20098E4B3 /* Project object */;
}
